
Microsoft Visual Studio Solution File, Format Version 12.00
# Visual Studio 15
VisualStudioVersion = 15.0.28010.2050
MinimumVisualStudioVersion = 10.0.40219.1
Project("{FAE04EC0-301F-11D3-BF4B-00C04F79EFBC}") = "Parcial OOP", "Parcial OOP\Parcial OOP.csproj", "{84AC760F-00D3-47FB-927C-0197625C59F8}"
EndProject
Global
	GlobalSection(SolutionConfigurationPlatforms) = preSolution
		Debug|Any CPU = Debug|Any CPU
		Release|Any CPU = Release|Any CPU
	EndGlobalSection
	GlobalSection(ProjectConfigurationPlatforms) = postSolution
		{84AC760F-00D3-47FB-927C-0197625C59F8}.Debug|Any CPU.ActiveCfg = Debug|Any CPU
		{84AC760F-00D3-47FB-927C-0197625C59F8}.Debug|Any CPU.Build.0 = Debug|Any CPU
		{84AC760F-00D3-47FB-927C-0197625C59F8}.Release|Any CPU.ActiveCfg = Release|Any CPU
		{84AC760F-00D3-47FB-927C-0197625C59F8}.Release|Any CPU.Build.0 = Release|Any CPU
	EndGlobalSection
	GlobalSection(SolutionProperties) = preSolution
		HideSolutionNode = FALSE
	EndGlobalSection
	GlobalSection(ExtensibilityGlobals) = postSolution
		SolutionGuid = {94A698F0-48A8-49C2-A358-72FC4DE69F77}
	EndGlobalSection
EndGlobal
